// !$*UTF8*$!
{
	archiveVersion = 1;
	classes = {
	};
	objectVersion = 56;
	objects = {

/* Begin PBXBuildFile section */
		DE0E41AC2B27348100BDE265 /* CommentView.swift in Sources */ = {isa = PBXBuildFile; fileRef = DE0E41AB2B27348100BDE265 /* CommentView.swift */; };
		DE0E41AE2B2757D200BDE265 /* FavoriteList.swift in Sources */ = {isa = PBXBuildFile; fileRef = DE0E41AD2B2757D200BDE265 /* FavoriteList.swift */; };
		DE154BE72B20B878005C3314 /* ProjectMuseumAppApp.swift in Sources */ = {isa = PBXBuildFile; fileRef = DE154BE62B20B878005C3314 /* ProjectMuseumAppApp.swift */; };
		DE154BE92B20B878005C3314 /* TabNavigationView.swift in Sources */ = {isa = PBXBuildFile; fileRef = DE154BE82B20B878005C3314 /* TabNavigationView.swift */; };
		DE154BEB2B20B87A005C3314 /* Assets.xcassets in Resources */ = {isa = PBXBuildFile; fileRef = DE154BEA2B20B87A005C3314 /* Assets.xcassets */; };
		DE154BEE2B20B87A005C3314 /* Preview Assets.xcassets in Resources */ = {isa = PBXBuildFile; fileRef = DE154BED2B20B87A005C3314 /* Preview Assets.xcassets */; };
		DE22A0482B287339005518FF /* CommentListView.swift in Sources */ = {isa = PBXBuildFile; fileRef = DE22A0472B287338005518FF /* CommentListView.swift */; };
		DE22A04E2B28849D005518FF /* UnderCategorieView.swift in Sources */ = {isa = PBXBuildFile; fileRef = DE22A04B2B28849D005518FF /* UnderCategorieView.swift */; };
		DE22A0562B288D1E005518FF /* AccountView.swift in Sources */ = {isa = PBXBuildFile; fileRef = DE22A0552B288D1E005518FF /* AccountView.swift */; };
		DE22A0582B28A439005518FF /* ArtDetailView.swift in Sources */ = {isa = PBXBuildFile; fileRef = DE22A0572B28A439005518FF /* ArtDetailView.swift */; };
		DE22A05A2B28A7E2005518FF /* presentationMuseumView.swift in Sources */ = {isa = PBXBuildFile; fileRef = DE22A0592B28A7E2005518FF /* presentationMuseumView.swift */; };
		DE22A05C2B28B57A005518FF /* GuideView.swift in Sources */ = {isa = PBXBuildFile; fileRef = DE22A05B2B28B57A005518FF /* GuideView.swift */; };
		DE22A05E2B28B92F005518FF /* ArtListCategoryView.swift in Sources */ = {isa = PBXBuildFile; fileRef = DE22A05D2B28B92F005518FF /* ArtListCategoryView.swift */; };
		DE22A0632B29AFA0005518FF /* Array.swift in Sources */ = {isa = PBXBuildFile; fileRef = DE22A0602B29AFA0005518FF /* Array.swift */; };
		DE22A0642B29AFA0005518FF /* Structures.swift in Sources */ = {isa = PBXBuildFile; fileRef = DE22A0612B29AFA0005518FF /* Structures.swift */; };
		DE22A0652B29AFA0005518FF /* Function.swift in Sources */ = {isa = PBXBuildFile; fileRef = DE22A0622B29AFA0005518FF /* Function.swift */; };
		DE9A2BF92B220F9900D26C25 /* MuseumDetail.swift in Sources */ = {isa = PBXBuildFile; fileRef = DE9A2BF82B220F9900D26C25 /* MuseumDetail.swift */; };
		DE9A2BFB2B22175F00D26C25 /* PLAYGROUND.swift in Sources */ = {isa = PBXBuildFile; fileRef = DE9A2BFA2B22175F00D26C25 /* PLAYGROUND.swift */; };
		DE9A2BFD2B22215800D26C25 /* ButtonNavigationView.swift in Sources */ = {isa = PBXBuildFile; fileRef = DE9A2BFC2B22215800D26C25 /* ButtonNavigationView.swift */; };
		DE9A2C012B23062A00D26C25 /* ButtonDevellopView.swift in Sources */ = {isa = PBXBuildFile; fileRef = DE9A2C002B23062A00D26C25 /* ButtonDevellopView.swift */; };
		DE9A2C032B23157700D26C25 /* BuyATicket.swift in Sources */ = {isa = PBXBuildFile; fileRef = DE9A2C022B23157700D26C25 /* BuyATicket.swift */; };
		DE9A2C052B233E6400D26C25 /* InformationLineView.swift in Sources */ = {isa = PBXBuildFile; fileRef = DE9A2C042B233E6400D26C25 /* InformationLineView.swift */; };
		DE9A2C102B236A2D00D26C25 /* MusView.swift in Sources */ = {isa = PBXBuildFile; fileRef = DE9A2C0E2B236A2D00D26C25 /* MusView.swift */; };
		DE9A2C152B23731800D26C25 /* museumView.swift in Sources */ = {isa = PBXBuildFile; fileRef = DE9A2C132B23731800D26C25 /* museumView.swift */; };
		DEBBBA5C2B29D650009A10CF /* ArtListMuseumView.swift in Sources */ = {isa = PBXBuildFile; fileRef = DEBBBA5B2B29D650009A10CF /* ArtListMuseumView.swift */; };
		DEBBBA612B29F0DC009A10CF /* ValidationTicketView.swift in Sources */ = {isa = PBXBuildFile; fileRef = DEBBBA5E2B29F0DB009A10CF /* ValidationTicketView.swift */; };
		DEBBBA622B29F0DC009A10CF /* TicketDetailView.swift in Sources */ = {isa = PBXBuildFile; fileRef = DEBBBA5F2B29F0DB009A10CF /* TicketDetailView.swift */; };
		DEBBBA642B2A0893009A10CF /* ButtonTicketView.swift in Sources */ = {isa = PBXBuildFile; fileRef = DEBBBA632B2A0893009A10CF /* ButtonTicketView.swift */; };
/* End PBXBuildFile section */

/* Begin PBXFileReference section */
		DE0E41AB2B27348100BDE265 /* CommentView.swift */ = {isa = PBXFileReference; lastKnownFileType = sourcecode.swift; path = CommentView.swift; sourceTree = "<group>"; };
		DE0E41AD2B2757D200BDE265 /* FavoriteList.swift */ = {isa = PBXFileReference; lastKnownFileType = sourcecode.swift; path = FavoriteList.swift; sourceTree = "<group>"; };
		DE154BE32B20B878005C3314 /* ProjectMuseumApp.app */ = {isa = PBXFileReference; explicitFileType = wrapper.application; includeInIndex = 0; path = ProjectMuseumApp.app; sourceTree = BUILT_PRODUCTS_DIR; };
		DE154BE62B20B878005C3314 /* ProjectMuseumAppApp.swift */ = {isa = PBXFileReference; lastKnownFileType = sourcecode.swift; path = ProjectMuseumAppApp.swift; sourceTree = "<group>"; };
		DE154BE82B20B878005C3314 /* TabNavigationView.swift */ = {isa = PBXFileReference; lastKnownFileType = sourcecode.swift; path = TabNavigationView.swift; sourceTree = "<group>"; };
		DE154BEA2B20B87A005C3314 /* Assets.xcassets */ = {isa = PBXFileReference; lastKnownFileType = folder.assetcatalog; path = Assets.xcassets; sourceTree = "<group>"; };
		DE154BED2B20B87A005C3314 /* Preview Assets.xcassets */ = {isa = PBXFileReference; lastKnownFileType = folder.assetcatalog; path = "Preview Assets.xcassets"; sourceTree = "<group>"; };
		DE22A0472B287338005518FF /* CommentListView.swift */ = {isa = PBXFileReference; fileEncoding = 4; lastKnownFileType = sourcecode.swift; name = CommentListView.swift; path = ../../../Downloads/Notion/CommentListView.swift; sourceTree = "<group>"; };
		DE22A04B2B28849D005518FF /* UnderCategorieView.swift */ = {isa = PBXFileReference; fileEncoding = 4; lastKnownFileType = sourcecode.swift; name = UnderCategorieView.swift; path = ../../../Downloads/Notion/UnderCategorieView.swift; sourceTree = "<group>"; };
		DE22A0552B288D1E005518FF /* AccountView.swift */ = {isa = PBXFileReference; fileEncoding = 4; lastKnownFileType = sourcecode.swift; name = AccountView.swift; path = ../../../Downloads/Notion/AccountView.swift; sourceTree = "<group>"; };
		DE22A0572B28A439005518FF /* ArtDetailView.swift */ = {isa = PBXFileReference; fileEncoding = 4; lastKnownFileType = sourcecode.swift; name = ArtDetailView.swift; path = ../../../Downloads/Notion/ArtDetailView.swift; sourceTree = "<group>"; };
		DE22A0592B28A7E2005518FF /* presentationMuseumView.swift */ = {isa = PBXFileReference; lastKnownFileType = sourcecode.swift; path = presentationMuseumView.swift; sourceTree = "<group>"; };
		DE22A05B2B28B57A005518FF /* GuideView.swift */ = {isa = PBXFileReference; fileEncoding = 4; lastKnownFileType = sourcecode.swift; name = GuideView.swift; path = ../../../Downloads/Notion/GuideView.swift; sourceTree = "<group>"; };
		DE22A05D2B28B92F005518FF /* ArtListCategoryView.swift */ = {isa = PBXFileReference; lastKnownFileType = sourcecode.swift; path = ArtListCategoryView.swift; sourceTree = "<group>"; };
		DE22A0602B29AFA0005518FF /* Array.swift */ = {isa = PBXFileReference; fileEncoding = 4; lastKnownFileType = sourcecode.swift; path = Array.swift; sourceTree = "<group>"; };
		DE22A0612B29AFA0005518FF /* Structures.swift */ = {isa = PBXFileReference; fileEncoding = 4; lastKnownFileType = sourcecode.swift; path = Structures.swift; sourceTree = "<group>"; };
		DE22A0622B29AFA0005518FF /* Function.swift */ = {isa = PBXFileReference; fileEncoding = 4; lastKnownFileType = sourcecode.swift; path = Function.swift; sourceTree = "<group>"; };
		DE9A2BF82B220F9900D26C25 /* MuseumDetail.swift */ = {isa = PBXFileReference; lastKnownFileType = sourcecode.swift; path = MuseumDetail.swift; sourceTree = "<group>"; };
		DE9A2BFA2B22175F00D26C25 /* PLAYGROUND.swift */ = {isa = PBXFileReference; lastKnownFileType = sourcecode.swift; path = PLAYGROUND.swift; sourceTree = "<group>"; };
		DE9A2BFC2B22215800D26C25 /* ButtonNavigationView.swift */ = {isa = PBXFileReference; lastKnownFileType = sourcecode.swift; path = ButtonNavigationView.swift; sourceTree = "<group>"; };
		DE9A2C002B23062A00D26C25 /* ButtonDevellopView.swift */ = {isa = PBXFileReference; lastKnownFileType = sourcecode.swift; path = ButtonDevellopView.swift; sourceTree = "<group>"; };
		DE9A2C022B23157700D26C25 /* BuyATicket.swift */ = {isa = PBXFileReference; lastKnownFileType = sourcecode.swift; path = BuyATicket.swift; sourceTree = "<group>"; };
		DE9A2C042B233E6400D26C25 /* InformationLineView.swift */ = {isa = PBXFileReference; lastKnownFileType = sourcecode.swift; path = InformationLineView.swift; sourceTree = "<group>"; };
		DE9A2C0E2B236A2D00D26C25 /* MusView.swift */ = {isa = PBXFileReference; lastKnownFileType = sourcecode.swift; path = MusView.swift; sourceTree = "<group>"; };
		DE9A2C132B23731800D26C25 /* museumView.swift */ = {isa = PBXFileReference; fileEncoding = 4; lastKnownFileType = sourcecode.swift; name = museumView.swift; path = ../../../Downloads/Notion/museumView.swift; sourceTree = "<group>"; };
		DEBBBA5B2B29D650009A10CF /* ArtListMuseumView.swift */ = {isa = PBXFileReference; lastKnownFileType = sourcecode.swift; path = ArtListMuseumView.swift; sourceTree = "<group>"; };
		DEBBBA5E2B29F0DB009A10CF /* ValidationTicketView.swift */ = {isa = PBXFileReference; fileEncoding = 4; lastKnownFileType = sourcecode.swift; name = ValidationTicketView.swift; path = ../../../Downloads/Notion/ValidationTicketView.swift; sourceTree = "<group>"; };
		DEBBBA5F2B29F0DB009A10CF /* TicketDetailView.swift */ = {isa = PBXFileReference; fileEncoding = 4; lastKnownFileType = sourcecode.swift; name = TicketDetailView.swift; path = ../../../Downloads/Notion/TicketDetailView.swift; sourceTree = "<group>"; };
		DEBBBA632B2A0893009A10CF /* ButtonTicketView.swift */ = {isa = PBXFileReference; lastKnownFileType = sourcecode.swift; path = ButtonTicketView.swift; sourceTree = "<group>"; };
/* End PBXFileReference section */

/* Begin PBXFrameworksBuildPhase section */
		DE154BE02B20B878005C3314 /* Frameworks */ = {
			isa = PBXFrameworksBuildPhase;
			buildActionMask = 2147483647;
			files = (
			);
			runOnlyForDeploymentPostprocessing = 0;
		};
/* End PBXFrameworksBuildPhase section */

/* Begin PBXGroup section */
		DE154BDA2B20B878005C3314 = {
			isa = PBXGroup;
			children = (
				DE154BE52B20B878005C3314 /* ProjectMuseumApp */,
				DE154BE42B20B878005C3314 /* Products */,
			);
			sourceTree = "<group>";
		};
		DE154BE42B20B878005C3314 /* Products */ = {
			isa = PBXGroup;
			children = (
				DE154BE32B20B878005C3314 /* ProjectMuseumApp.app */,
			);
			name = Products;
			sourceTree = "<group>";
		};
		DE154BE52B20B878005C3314 /* ProjectMuseumApp */ = {
			isa = PBXGroup;
			children = (
				DE154BE62B20B878005C3314 /* ProjectMuseumAppApp.swift */,
				DE154BE82B20B878005C3314 /* TabNavigationView.swift */,
				DE9A2BF82B220F9900D26C25 /* MuseumDetail.swift */,
				DE9A2C022B23157700D26C25 /* BuyATicket.swift */,
				DE9A2C0E2B236A2D00D26C25 /* MusView.swift */,
				DE9A2C132B23731800D26C25 /* museumView.swift */,
				DE0E41AD2B2757D200BDE265 /* FavoriteList.swift */,
				DE22A0552B288D1E005518FF /* AccountView.swift */,
				DE22A0472B287338005518FF /* CommentListView.swift */,
				DE22A04B2B28849D005518FF /* UnderCategorieView.swift */,
				DE22A0572B28A439005518FF /* ArtDetailView.swift */,
				DE22A05D2B28B92F005518FF /* ArtListCategoryView.swift */,
				DEBBBA5B2B29D650009A10CF /* ArtListMuseumView.swift */,
				DE22A05B2B28B57A005518FF /* GuideView.swift */,
				DEBBBA5F2B29F0DB009A10CF /* TicketDetailView.swift */,
				DEBBBA5E2B29F0DB009A10CF /* ValidationTicketView.swift */,
				DE9A2BFE2B22216600D26C25 /* Component */,
				DE22A05F2B29AFA0005518FF /* BASES2 */,
				DE154BEA2B20B87A005C3314 /* Assets.xcassets */,
				DE154BEC2B20B87A005C3314 /* Preview Content */,
			);
			path = ProjectMuseumApp;
			sourceTree = "<group>";
		};
		DE154BEC2B20B87A005C3314 /* Preview Content */ = {
			isa = PBXGroup;
			children = (
				DE9A2BFA2B22175F00D26C25 /* PLAYGROUND.swift */,
				DE154BED2B20B87A005C3314 /* Preview Assets.xcassets */,
			);
			path = "Preview Content";
			sourceTree = "<group>";
		};
		DE22A05F2B29AFA0005518FF /* BASES2 */ = {
			isa = PBXGroup;
			children = (
				DE22A0602B29AFA0005518FF /* Array.swift */,
				DE22A0612B29AFA0005518FF /* Structures.swift */,
				DE22A0622B29AFA0005518FF /* Function.swift */,
			);
			name = BASES2;
			path = ../../../Downloads/Notion/BASES2;
			sourceTree = "<group>";
		};
		DE9A2BFE2B22216600D26C25 /* Component */ = {
			isa = PBXGroup;
			children = (
				DEBBBA632B2A0893009A10CF /* ButtonTicketView.swift */,
				DE0E41AB2B27348100BDE265 /* CommentView.swift */,
				DE22A0592B28A7E2005518FF /* presentationMuseumView.swift */,
				DE9A2C042B233E6400D26C25 /* InformationLineView.swift */,
				DE9A2C002B23062A00D26C25 /* ButtonDevellopView.swift */,
				DE9A2BFC2B22215800D26C25 /* ButtonNavigationView.swift */,
			);
			path = Component;
			sourceTree = "<group>";
		};
/* End PBXGroup section */

/* Begin PBXNativeTarget section */
		DE154BE22B20B878005C3314 /* ProjectMuseumApp */ = {
			isa = PBXNativeTarget;
			buildConfigurationList = DE154BF12B20B87A005C3314 /* Build configuration list for PBXNativeTarget "ProjectMuseumApp" */;
			buildPhases = (
				DE154BDF2B20B878005C3314 /* Sources */,
				DE154BE02B20B878005C3314 /* Frameworks */,
				DE154BE12B20B878005C3314 /* Resources */,
			);
			buildRules = (
			);
			dependencies = (
			);
			name = ProjectMuseumApp;
			productName = ProjectMuseumApp;
			productReference = DE154BE32B20B878005C3314 /* ProjectMuseumApp.app */;
			productType = "com.apple.product-type.application";
		};
/* End PBXNativeTarget section */

/* Begin PBXProject section */
		DE154BDB2B20B878005C3314 /* Project object */ = {
			isa = PBXProject;
			attributes = {
				BuildIndependentTargetsInParallel = 1;
				LastSwiftUpdateCheck = 1500;
				LastUpgradeCheck = 1500;
				TargetAttributes = {
					DE154BE22B20B878005C3314 = {
						CreatedOnToolsVersion = 15.0.1;
					};
				};
			};
			buildConfigurationList = DE154BDE2B20B878005C3314 /* Build configuration list for PBXProject "ProjectMuseumApp" */;
			compatibilityVersion = "Xcode 14.0";
			developmentRegion = en;
			hasScannedForEncodings = 0;
			knownRegions = (
				en,
				Base,
			);
			mainGroup = DE154BDA2B20B878005C3314;
			productRefGroup = DE154BE42B20B878005C3314 /* Products */;
			projectDirPath = "";
			projectRoot = "";
			targets = (
				DE154BE22B20B878005C3314 /* ProjectMuseumApp */,
			);
		};
/* End PBXProject section */

/* Begin PBXResourcesBuildPhase section */
		DE154BE12B20B878005C3314 /* Resources */ = {
			isa = PBXResourcesBuildPhase;
			buildActionMask = 2147483647;
			files = (
				DE154BEE2B20B87A005C3314 /* Preview Assets.xcassets in Resources */,
				DE154BEB2B20B87A005C3314 /* Assets.xcassets in Resources */,
			);
			runOnlyForDeploymentPostprocessing = 0;
		};
/* End PBXResourcesBuildPhase section */

/* Begin PBXSourcesBuildPhase section */
		DE154BDF2B20B878005C3314 /* Sources */ = {
			isa = PBXSourcesBuildPhase;
			buildActionMask = 2147483647;
			files = (
				DE9A2C032B23157700D26C25 /* BuyATicket.swift in Sources */,
				DE154BE92B20B878005C3314 /* TabNavigationView.swift in Sources */,
				DE9A2C152B23731800D26C25 /* museumView.swift in Sources */,
				DE0E41AC2B27348100BDE265 /* CommentView.swift in Sources */,
				DE9A2C102B236A2D00D26C25 /* MusView.swift in Sources */,
				DE22A0582B28A439005518FF /* ArtDetailView.swift in Sources */,
				DE9A2BF92B220F9900D26C25 /* MuseumDetail.swift in Sources */,
				DEBBBA5C2B29D650009A10CF /* ArtListMuseumView.swift in Sources */,
				DE22A0642B29AFA0005518FF /* Structures.swift in Sources */,
				DE22A04E2B28849D005518FF /* UnderCategorieView.swift in Sources */,
				DE154BE72B20B878005C3314 /* ProjectMuseumAppApp.swift in Sources */,
				DE22A0632B29AFA0005518FF /* Array.swift in Sources */,
				DE22A05A2B28A7E2005518FF /* presentationMuseumView.swift in Sources */,
				DE9A2C052B233E6400D26C25 /* InformationLineView.swift in Sources */,
				DEBBBA612B29F0DC009A10CF /* ValidationTicketView.swift in Sources */,
				DEBBBA622B29F0DC009A10CF /* TicketDetailView.swift in Sources */,
				DE0E41AE2B2757D200BDE265 /* FavoriteList.swift in Sources */,
				DE22A0482B287339005518FF /* CommentListView.swift in Sources */,
				DE22A0652B29AFA0005518FF /* Function.swift in Sources */,
				DE9A2BFD2B22215800D26C25 /* ButtonNavigationView.swift in Sources */,
				DE9A2BFB2B22175F00D26C25 /* PLAYGROUND.swift in Sources */,
				DE9A2C012B23062A00D26C25 /* ButtonDevellopView.swift in Sources */,
				DE22A0562B288D1E005518FF /* AccountView.swift in Sources */,
				DE22A05C2B28B57A005518FF /* GuideView.swift in Sources */,
				DEBBBA642B2A0893009A10CF /* ButtonTicketView.swift in Sources */,
				DE22A05E2B28B92F005518FF /* ArtListCategoryView.swift in Sources */,
			);
			runOnlyForDeploymentPostprocessing = 0;
		};
/* End PBXSourcesBuildPhase section */

/* Begin XCBuildConfiguration section */
		DE154BEF2B20B87A005C3314 /* Debug */ = {
			isa = XCBuildConfiguration;
			buildSettings = {
				ALWAYS_SEARCH_USER_PATHS = NO;
				ASSETCATALOG_COMPILER_GENERATE_SWIFT_ASSET_SYMBOL_EXTENSIONS = YES;
				CLANG_ANALYZER_NONNULL = YES;
				CLANG_ANALYZER_NUMBER_OBJECT_CONVERSION = YES_AGGRESSIVE;
				CLANG_CXX_LANGUAGE_STANDARD = "gnu++20";
				CLANG_ENABLE_MODULES = YES;
				CLANG_ENABLE_OBJC_ARC = YES;
				CLANG_ENABLE_OBJC_WEAK = YES;
				CLANG_WARN_BLOCK_CAPTURE_AUTORELEASING = YES;
				CLANG_WARN_BOOL_CONVERSION = YES;
				CLANG_WARN_COMMA = YES;
				CLANG_WARN_CONSTANT_CONVERSION = YES;
				CLANG_WARN_DEPRECATED_OBJC_IMPLEMENTATIONS = YES;
				CLANG_WARN_DIRECT_OBJC_ISA_USAGE = YES_ERROR;
				CLANG_WARN_DOCUMENTATION_COMMENTS = YES;
				CLANG_WARN_EMPTY_BODY = YES;
				CLANG_WARN_ENUM_CONVERSION = YES;
				CLANG_WARN_INFINITE_RECURSION = YES;
				CLANG_WARN_INT_CONVERSION = YES;
				CLANG_WARN_NON_LITERAL_NULL_CONVERSION = YES;
				CLANG_WARN_OBJC_IMPLICIT_RETAIN_SELF = YES;
				CLANG_WARN_OBJC_LITERAL_CONVERSION = YES;
				CLANG_WARN_OBJC_ROOT_CLASS = YES_ERROR;
				CLANG_WARN_QUOTED_INCLUDE_IN_FRAMEWORK_HEADER = YES;
				CLANG_WARN_RANGE_LOOP_ANALYSIS = YES;
				CLANG_WARN_STRICT_PROTOTYPES = YES;
				CLANG_WARN_SUSPICIOUS_MOVE = YES;
				CLANG_WARN_UNGUARDED_AVAILABILITY = YES_AGGRESSIVE;
				CLANG_WARN_UNREACHABLE_CODE = YES;
				CLANG_WARN__DUPLICATE_METHOD_MATCH = YES;
				COPY_PHASE_STRIP = NO;
				DEBUG_INFORMATION_FORMAT = dwarf;
				ENABLE_STRICT_OBJC_MSGSEND = YES;
				ENABLE_TESTABILITY = YES;
				ENABLE_USER_SCRIPT_SANDBOXING = YES;
				GCC_C_LANGUAGE_STANDARD = gnu17;
				GCC_DYNAMIC_NO_PIC = NO;
				GCC_NO_COMMON_BLOCKS = YES;
				GCC_OPTIMIZATION_LEVEL = 0;
				GCC_PREPROCESSOR_DEFINITIONS = (
					"DEBUG=1",
					"$(inherited)",
				);
				GCC_WARN_64_TO_32_BIT_CONVERSION = YES;
				GCC_WARN_ABOUT_RETURN_TYPE = YES_ERROR;
				GCC_WARN_UNDECLARED_SELECTOR = YES;
				GCC_WARN_UNINITIALIZED_AUTOS = YES_AGGRESSIVE;
				GCC_WARN_UNUSED_FUNCTION = YES;
				GCC_WARN_UNUSED_VARIABLE = YES;
				IPHONEOS_DEPLOYMENT_TARGET = 17.0;
				LOCALIZATION_PREFERS_STRING_CATALOGS = YES;
				MTL_ENABLE_DEBUG_INFO = INCLUDE_SOURCE;
				MTL_FAST_MATH = YES;
				ONLY_ACTIVE_ARCH = YES;
				SDKROOT = iphoneos;
				SWIFT_ACTIVE_COMPILATION_CONDITIONS = "DEBUG $(inherited)";
				SWIFT_OPTIMIZATION_LEVEL = "-Onone";
			};
			name = Debug;
		};
		DE154BF02B20B87A005C3314 /* Release */ = {
			isa = XCBuildConfiguration;
			buildSettings = {
				ALWAYS_SEARCH_USER_PATHS = NO;
				ASSETCATALOG_COMPILER_GENERATE_SWIFT_ASSET_SYMBOL_EXTENSIONS = YES;
				CLANG_ANALYZER_NONNULL = YES;
				CLANG_ANALYZER_NUMBER_OBJECT_CONVERSION = YES_AGGRESSIVE;
				CLANG_CXX_LANGUAGE_STANDARD = "gnu++20";
				CLANG_ENABLE_MODULES = YES;
				CLANG_ENABLE_OBJC_ARC = YES;
				CLANG_ENABLE_OBJC_WEAK = YES;
				CLANG_WARN_BLOCK_CAPTURE_AUTORELEASING = YES;
				CLANG_WARN_BOOL_CONVERSION = YES;
				CLANG_WARN_COMMA = YES;
				CLANG_WARN_CONSTANT_CONVERSION = YES;
				CLANG_WARN_DEPRECATED_OBJC_IMPLEMENTATIONS = YES;
				CLANG_WARN_DIRECT_OBJC_ISA_USAGE = YES_ERROR;
				CLANG_WARN_DOCUMENTATION_COMMENTS = YES;
				CLANG_WARN_EMPTY_BODY = YES;
				CLANG_WARN_ENUM_CONVERSION = YES;
				CLANG_WARN_INFINITE_RECURSION = YES;
				CLANG_WARN_INT_CONVERSION = YES;
				CLANG_WARN_NON_LITERAL_NULL_CONVERSION = YES;
				CLANG_WARN_OBJC_IMPLICIT_RETAIN_SELF = YES;
				CLANG_WARN_OBJC_LITERAL_CONVERSION = YES;
				CLANG_WARN_OBJC_ROOT_CLASS = YES_ERROR;
				CLANG_WARN_QUOTED_INCLUDE_IN_FRAMEWORK_HEADER = YES;
				CLANG_WARN_RANGE_LOOP_ANALYSIS = YES;
				CLANG_WARN_STRICT_PROTOTYPES = YES;
				CLANG_WARN_SUSPICIOUS_MOVE = YES;
				CLANG_WARN_UNGUARDED_AVAILABILITY = YES_AGGRESSIVE;
				CLANG_WARN_UNREACHABLE_CODE = YES;
				CLANG_WARN__DUPLICATE_METHOD_MATCH = YES;
				COPY_PHASE_STRIP = NO;
				DEBUG_INFORMATION_FORMAT = "dwarf-with-dsym";
				ENABLE_NS_ASSERTIONS = NO;
				ENABLE_STRICT_OBJC_MSGSEND = YES;
				ENABLE_USER_SCRIPT_SANDBOXING = YES;
				GCC_C_LANGUAGE_STANDARD = gnu17;
				GCC_NO_COMMON_BLOCKS = YES;
				GCC_WARN_64_TO_32_BIT_CONVERSION = YES;
				GCC_WARN_ABOUT_RETURN_TYPE = YES_ERROR;
				GCC_WARN_UNDECLARED_SELECTOR = YES;
				GCC_WARN_UNINITIALIZED_AUTOS = YES_AGGRESSIVE;
				GCC_WARN_UNUSED_FUNCTION = YES;
				GCC_WARN_UNUSED_VARIABLE = YES;
				IPHONEOS_DEPLOYMENT_TARGET = 17.0;
				LOCALIZATION_PREFERS_STRING_CATALOGS = YES;
				MTL_ENABLE_DEBUG_INFO = NO;
				MTL_FAST_MATH = YES;
				SDKROOT = iphoneos;
				SWIFT_COMPILATION_MODE = wholemodule;
				VALIDATE_PRODUCT = YES;
			};
			name = Release;
		};
		DE154BF22B20B87A005C3314 /* Debug */ = {
			isa = XCBuildConfiguration;
			buildSettings = {
				ASSETCATALOG_COMPILER_APPICON_NAME = AppIcon;
				ASSETCATALOG_COMPILER_GLOBAL_ACCENT_COLOR_NAME = AccentColor;
				CODE_SIGN_STYLE = Automatic;
				CURRENT_PROJECT_VERSION = 1;
				DEVELOPMENT_ASSET_PATHS = "\"ProjectMuseumApp/Preview Content\"";
				DEVELOPMENT_TEAM = NU2H9JB6FZ;
				ENABLE_PREVIEWS = YES;
				GENERATE_INFOPLIST_FILE = YES;
				INFOPLIST_KEY_UIApplicationSceneManifest_Generation = YES;
				INFOPLIST_KEY_UIApplicationSupportsIndirectInputEvents = YES;
				INFOPLIST_KEY_UILaunchScreen_Generation = YES;
				INFOPLIST_KEY_UISupportedInterfaceOrientations_iPad = "UIInterfaceOrientationPortrait UIInterfaceOrientationPortraitUpsideDown UIInterfaceOrientationLandscapeLeft UIInterfaceOrientationLandscapeRight";
				INFOPLIST_KEY_UISupportedInterfaceOrientations_iPhone = "UIInterfaceOrientationPortrait UIInterfaceOrientationLandscapeLeft UIInterfaceOrientationLandscapeRight";
				LD_RUNPATH_SEARCH_PATHS = (
					"$(inherited)",
					"@executable_path/Frameworks",
				);
				MARKETING_VERSION = 1.0;
				PRODUCT_BUNDLE_IDENTIFIER = AlexisCh.ProjectMuseumApp;
				PRODUCT_NAME = "$(TARGET_NAME)";
				SWIFT_EMIT_LOC_STRINGS = YES;
				SWIFT_VERSION = 5.0;
				TARGETED_DEVICE_FAMILY = "1,2";
			};
			name = Debug;
		};
		DE154BF32B20B87A005C3314 /* Release */ = {
			isa = XCBuildConfiguration;
			buildSettings = {
				ASSETCATALOG_COMPILER_APPICON_NAME = AppIcon;
				ASSETCATALOG_COMPILER_GLOBAL_ACCENT_COLOR_NAME = AccentColor;
				CODE_SIGN_STYLE = Automatic;
				CURRENT_PROJECT_VERSION = 1;
				DEVELOPMENT_ASSET_PATHS = "\"ProjectMuseumApp/Preview Content\"";
				DEVELOPMENT_TEAM = NU2H9JB6FZ;
				ENABLE_PREVIEWS = YES;
				GENERATE_INFOPLIST_FILE = YES;
				INFOPLIST_KEY_UIApplicationSceneManifest_Generation = YES;
				INFOPLIST_KEY_UIApplicationSupportsIndirectInputEvents = YES;
				INFOPLIST_KEY_UILaunchScreen_Generation = YES;
				INFOPLIST_KEY_UISupportedInterfaceOrientations_iPad = "UIInterfaceOrientationPortrait UIInterfaceOrientationPortraitUpsideDown UIInterfaceOrientationLandscapeLeft UIInterfaceOrientationLandscapeRight";
				INFOPLIST_KEY_UISupportedInterfaceOrientations_iPhone = "UIInterfaceOrientationPortrait UIInterfaceOrientationLandscapeLeft UIInterfaceOrientationLandscapeRight";
				LD_RUNPATH_SEARCH_PATHS = (
					"$(inherited)",
					"@executable_path/Frameworks",
				);
				MARKETING_VERSION = 1.0;
				PRODUCT_BUNDLE_IDENTIFIER = AlexisCh.ProjectMuseumApp;
				PRODUCT_NAME = "$(TARGET_NAME)";
				SWIFT_EMIT_LOC_STRINGS = YES;
				SWIFT_VERSION = 5.0;
				TARGETED_DEVICE_FAMILY = "1,2";
			};
			name = Release;
		};
/* End XCBuildConfiguration section */

/* Begin XCConfigurationList section */
		DE154BDE2B20B878005C3314 /* Build configuration list for PBXProject "ProjectMuseumApp" */ = {
			isa = XCConfigurationList;
			buildConfigurations = (
				DE154BEF2B20B87A005C3314 /* Debug */,
				DE154BF02B20B87A005C3314 /* Release */,
			);
			defaultConfigurationIsVisible = 0;
			defaultConfigurationName = Release;
		};
		DE154BF12B20B87A005C3314 /* Build configuration list for PBXNativeTarget "ProjectMuseumApp" */ = {
			isa = XCConfigurationList;
			buildConfigurations = (
				DE154BF22B20B87A005C3314 /* Debug */,
				DE154BF32B20B87A005C3314 /* Release */,
			);
			defaultConfigurationIsVisible = 0;
			defaultConfigurationName = Release;
		};
/* End XCConfigurationList section */
	};
	rootObject = DE154BDB2B20B878005C3314 /* Project object */;
}
